
Microsoft Visual Studio Solution File, Format Version 12.00
# Visual Studio Version 17
VisualStudioVersion = 17.7.34024.191
MinimumVisualStudioVersion = 10.0.40219.1
Project("{FAE04EC0-301F-11D3-BF4B-00C04F79EFBC}") = "AgendaOnline", "AgendaOnline.csproj", "{96717C9D-9CEB-458C-B225-EAA6B2E6D882}"
EndProject
Global
	GlobalSection(SolutionConfigurationPlatforms) = preSolution
		Debug|Any CPU = Debug|Any CPU
		Release|Any CPU = Release|Any CPU
	EndGlobalSection
	GlobalSection(ProjectConfigurationPlatforms) = postSolution
		{96717C9D-9CEB-458C-B225-EAA6B2E6D882}.Debug|Any CPU.ActiveCfg = Debug|Any CPU
		{96717C9D-9CEB-458C-B225-EAA6B2E6D882}.Debug|Any CPU.Build.0 = Debug|Any CPU
		{96717C9D-9CEB-458C-B225-EAA6B2E6D882}.Release|Any CPU.ActiveCfg = Release|Any CPU
		{96717C9D-9CEB-458C-B225-EAA6B2E6D882}.Release|Any CPU.Build.0 = Release|Any CPU
	EndGlobalSection
	GlobalSection(SolutionProperties) = preSolution
		HideSolutionNode = FALSE
	EndGlobalSection
	GlobalSection(ExtensibilityGlobals) = postSolution
		SolutionGuid = {7B7D7732-E631-4681-B046-E6CEEEA3A078}
	EndGlobalSection
EndGlobal
